
Microsoft Visual Studio Solution File, Format Version 12.00
# Visual Studio Version 17
VisualStudioVersion = 17.13.35913.81 d17.13
MinimumVisualStudioVersion = 10.0.40219.1
Project("{888888A0-9F3D-457C-B088-3A5042F75D52}") = "RED", "RED.pyproj", "{B1631A0A-CCC9-47A4-81DF-3008A2F65BBA}"
EndProject
Global
	GlobalSection(SolutionConfigurationPlatforms) = preSolution
		Debug|Any CPU = Debug|Any CPU
		Release|Any CPU = Release|Any CPU
	EndGlobalSection
	GlobalSection(ProjectConfigurationPlatforms) = postSolution
		{B1631A0A-CCC9-47A4-81DF-3008A2F65BBA}.Debug|Any CPU.ActiveCfg = Debug|Any CPU
		{B1631A0A-CCC9-47A4-81DF-3008A2F65BBA}.Release|Any CPU.ActiveCfg = Release|Any CPU
	EndGlobalSection
	GlobalSection(SolutionProperties) = preSolution
		HideSolutionNode = FALSE
	EndGlobalSection
	GlobalSection(ExtensibilityGlobals) = postSolution
		SolutionGuid = {5C5D6001-02E2-4F4F-913A-4BD5DF30119C}
	EndGlobalSection
EndGlobal
